
Microsoft Visual Studio Solution File, Format Version 12.00
# Visual Studio Version 17
VisualStudioVersion = 17.3.32804.467
MinimumVisualStudioVersion = 10.0.40219.1
Project("{9A19103F-16F7-4668-BE54-9A1E7A4F7556}") = "Lega.Core", "Lega.Core\Lega.Core.csproj", "{344BAD00-5D75-4048-8FC3-92241C58D722}"
EndProject
Project("{9A19103F-16F7-4668-BE54-9A1E7A4F7556}") = "Lega.NUnit", "Lega.NUnit\Lega.NUnit.csproj", "{56ACCE40-522F-4F1A-8C63-8893DFD8069D}"
EndProject
Project("{9A19103F-16F7-4668-BE54-9A1E7A4F7556}") = "Lega.Test", "Lega.Test\Lega.Test.csproj", "{3F263513-9EC8-47C6-B4C9-4D23BEB4ED0B}"
EndProject
Project("{9A19103F-16F7-4668-BE54-9A1E7A4F7556}") = "Lega.Console", "Lega.Console\Lega.Console.csproj", "{6B1B4826-684F-4CF0-9BB1-6DF0A622F585}"
EndProject
Project("{9A19103F-16F7-4668-BE54-9A1E7A4F7556}") = "Lega.Monogame.OpenGL.Perio", "Lega.Monogame.OpenGL.Perio\Lega.Monogame.OpenGL.Perio.csproj", "{AD6C6166-DC67-4E60-9240-94BBF5A5075A}"
EndProject
Project("{9A19103F-16F7-4668-BE54-9A1E7A4F7556}") = "Lega.Core.Monogame", "Lega.Core.Monogame\Lega.Core.Monogame.csproj", "{C5104DD4-C59D-4590-BBBC-E946AC6B8952}"
EndProject
Project("{9A19103F-16F7-4668-BE54-9A1E7A4F7556}") = "Lega.Monogame.DirectX.Perio", "Lega.Monogame.DirectX.Perio\Lega.Monogame.DirectX.Perio.csproj", "{80B7F3CD-693F-40D1-B73A-6771C310668C}"
EndProject
Project("{D954291E-2A0B-460D-934E-DC6B0785DB48}") = "Lega.Monogame.Shared.Perio", "Lega.Monogame.Shared.Perio\Lega.Monogame.Shared.Perio.shproj", "{A0CDBD0E-3A41-42B7-9425-A838BC2C7383}"
EndProject
Project("{2150E333-8FDC-42A3-9474-1A3956D46DE8}") = "Monogame", "Monogame", "{7CFBA1C6-2259-4C69-9DA2-387B71CF0572}"
EndProject
Project("{2150E333-8FDC-42A3-9474-1A3956D46DE8}") = "Core", "Core", "{B1C3CF4A-39E3-4828-99E4-20684B5CF949}"
EndProject
Project("{9A19103F-16F7-4668-BE54-9A1E7A4F7556}") = "Lega.Monogame.Android.Perio", "Lega.Monogame.Android.Perio\Lega.Monogame.Android.Perio.csproj", "{E025139E-7FC7-4A60-B2E7-E41FDF732221}"
EndProject
Project("{2150E333-8FDC-42A3-9474-1A3956D46DE8}") = "Perio", "Perio", "{B4D4072E-59FA-48B7-A559-C3390CFA0DF2}"
EndProject
Project("{2150E333-8FDC-42A3-9474-1A3956D46DE8}") = "Hoopfe", "Hoopfe", "{8574FAE6-34DB-44C4-8F2B-7820F8F1EAE7}"
EndProject
Project("{D954291E-2A0B-460D-934E-DC6B0785DB48}") = "Lega.Monogame.Shared.Hoopfe", "Lega.Monogame.Shared.Hoopfe\Lega.Monogame.Shared.Hoopfe.shproj", "{59108F44-9760-432F-B3F8-12916AB43042}"
EndProject
Project("{9A19103F-16F7-4668-BE54-9A1E7A4F7556}") = "Lega.Monogame.OpenGL.Hoopfe", "Lega.Monogame.OpenGL.Hoopfe\Lega.Monogame.OpenGL.Hoopfe.csproj", "{631ADA24-F8F6-488B-8A0D-7C289001D01B}"
EndProject
Project("{2150E333-8FDC-42A3-9474-1A3956D46DE8}") = "Projektmappenelemente", "Projektmappenelemente", "{1DB2AFA7-FE35-49D3-BE1D-C0A53A15DF7B}"
	ProjectSection(SolutionItems) = preProject
		shader.hlsl = shader.hlsl
	EndProjectSection
EndProject
Global
	GlobalSection(SolutionConfigurationPlatforms) = preSolution
		Debug|Any CPU = Debug|Any CPU
		Release|Any CPU = Release|Any CPU
	EndGlobalSection
	GlobalSection(ProjectConfigurationPlatforms) = postSolution
		{344BAD00-5D75-4048-8FC3-92241C58D722}.Debug|Any CPU.ActiveCfg = Debug|Any CPU
		{344BAD00-5D75-4048-8FC3-92241C58D722}.Debug|Any CPU.Build.0 = Debug|Any CPU
		{344BAD00-5D75-4048-8FC3-92241C58D722}.Release|Any CPU.ActiveCfg = Release|Any CPU
		{344BAD00-5D75-4048-8FC3-92241C58D722}.Release|Any CPU.Build.0 = Release|Any CPU
		{56ACCE40-522F-4F1A-8C63-8893DFD8069D}.Debug|Any CPU.ActiveCfg = Debug|Any CPU
		{56ACCE40-522F-4F1A-8C63-8893DFD8069D}.Debug|Any CPU.Build.0 = Debug|Any CPU
		{56ACCE40-522F-4F1A-8C63-8893DFD8069D}.Release|Any CPU.ActiveCfg = Release|Any CPU
		{56ACCE40-522F-4F1A-8C63-8893DFD8069D}.Release|Any CPU.Build.0 = Release|Any CPU
		{3F263513-9EC8-47C6-B4C9-4D23BEB4ED0B}.Debug|Any CPU.ActiveCfg = Debug|Any CPU
		{3F263513-9EC8-47C6-B4C9-4D23BEB4ED0B}.Debug|Any CPU.Build.0 = Debug|Any CPU
		{3F263513-9EC8-47C6-B4C9-4D23BEB4ED0B}.Release|Any CPU.ActiveCfg = Release|Any CPU
		{3F263513-9EC8-47C6-B4C9-4D23BEB4ED0B}.Release|Any CPU.Build.0 = Release|Any CPU
		{6B1B4826-684F-4CF0-9BB1-6DF0A622F585}.Debug|Any CPU.ActiveCfg = Debug|Any CPU
		{6B1B4826-684F-4CF0-9BB1-6DF0A622F585}.Debug|Any CPU.Build.0 = Debug|Any CPU
		{6B1B4826-684F-4CF0-9BB1-6DF0A622F585}.Release|Any CPU.ActiveCfg = Release|Any CPU
		{6B1B4826-684F-4CF0-9BB1-6DF0A622F585}.Release|Any CPU.Build.0 = Release|Any CPU
		{AD6C6166-DC67-4E60-9240-94BBF5A5075A}.Debug|Any CPU.ActiveCfg = Debug|Any CPU
		{AD6C6166-DC67-4E60-9240-94BBF5A5075A}.Debug|Any CPU.Build.0 = Debug|Any CPU
		{AD6C6166-DC67-4E60-9240-94BBF5A5075A}.Release|Any CPU.ActiveCfg = Release|Any CPU
		{AD6C6166-DC67-4E60-9240-94BBF5A5075A}.Release|Any CPU.Build.0 = Release|Any CPU
		{C5104DD4-C59D-4590-BBBC-E946AC6B8952}.Debug|Any CPU.ActiveCfg = Debug|Any CPU
		{C5104DD4-C59D-4590-BBBC-E946AC6B8952}.Debug|Any CPU.Build.0 = Debug|Any CPU
		{C5104DD4-C59D-4590-BBBC-E946AC6B8952}.Release|Any CPU.ActiveCfg = Release|Any CPU
		{C5104DD4-C59D-4590-BBBC-E946AC6B8952}.Release|Any CPU.Build.0 = Release|Any CPU
		{80B7F3CD-693F-40D1-B73A-6771C310668C}.Debug|Any CPU.ActiveCfg = Debug|Any CPU
		{80B7F3CD-693F-40D1-B73A-6771C310668C}.Debug|Any CPU.Build.0 = Debug|Any CPU
		{80B7F3CD-693F-40D1-B73A-6771C310668C}.Release|Any CPU.ActiveCfg = Release|Any CPU
		{80B7F3CD-693F-40D1-B73A-6771C310668C}.Release|Any CPU.Build.0 = Release|Any CPU
		{E025139E-7FC7-4A60-B2E7-E41FDF732221}.Debug|Any CPU.ActiveCfg = Debug|Any CPU
		{E025139E-7FC7-4A60-B2E7-E41FDF732221}.Debug|Any CPU.Build.0 = Debug|Any CPU
		{E025139E-7FC7-4A60-B2E7-E41FDF732221}.Debug|Any CPU.Deploy.0 = Debug|Any CPU
		{E025139E-7FC7-4A60-B2E7-E41FDF732221}.Release|Any CPU.ActiveCfg = Release|Any CPU
		{E025139E-7FC7-4A60-B2E7-E41FDF732221}.Release|Any CPU.Build.0 = Release|Any CPU
		{E025139E-7FC7-4A60-B2E7-E41FDF732221}.Release|Any CPU.Deploy.0 = Release|Any CPU
		{631ADA24-F8F6-488B-8A0D-7C289001D01B}.Debug|Any CPU.ActiveCfg = Debug|Any CPU
		{631ADA24-F8F6-488B-8A0D-7C289001D01B}.Debug|Any CPU.Build.0 = Debug|Any CPU
		{631ADA24-F8F6-488B-8A0D-7C289001D01B}.Release|Any CPU.ActiveCfg = Release|Any CPU
		{631ADA24-F8F6-488B-8A0D-7C289001D01B}.Release|Any CPU.Build.0 = Release|Any CPU
	EndGlobalSection
	GlobalSection(SolutionProperties) = preSolution
		HideSolutionNode = FALSE
	EndGlobalSection
	GlobalSection(NestedProjects) = preSolution
		{344BAD00-5D75-4048-8FC3-92241C58D722} = {B1C3CF4A-39E3-4828-99E4-20684B5CF949}
		{AD6C6166-DC67-4E60-9240-94BBF5A5075A} = {B4D4072E-59FA-48B7-A559-C3390CFA0DF2}
		{C5104DD4-C59D-4590-BBBC-E946AC6B8952} = {B1C3CF4A-39E3-4828-99E4-20684B5CF949}
		{80B7F3CD-693F-40D1-B73A-6771C310668C} = {B4D4072E-59FA-48B7-A559-C3390CFA0DF2}
		{A0CDBD0E-3A41-42B7-9425-A838BC2C7383} = {B4D4072E-59FA-48B7-A559-C3390CFA0DF2}
		{E025139E-7FC7-4A60-B2E7-E41FDF732221} = {B4D4072E-59FA-48B7-A559-C3390CFA0DF2}
		{B4D4072E-59FA-48B7-A559-C3390CFA0DF2} = {7CFBA1C6-2259-4C69-9DA2-387B71CF0572}
		{8574FAE6-34DB-44C4-8F2B-7820F8F1EAE7} = {7CFBA1C6-2259-4C69-9DA2-387B71CF0572}
		{59108F44-9760-432F-B3F8-12916AB43042} = {8574FAE6-34DB-44C4-8F2B-7820F8F1EAE7}
		{631ADA24-F8F6-488B-8A0D-7C289001D01B} = {8574FAE6-34DB-44C4-8F2B-7820F8F1EAE7}
	EndGlobalSection
	GlobalSection(ExtensibilityGlobals) = postSolution
		SolutionGuid = {DB2276D0-4F87-47B6-B31C-87327957A92A}
	EndGlobalSection
	GlobalSection(SharedMSBuildProjectFiles) = preSolution
		Lega.Monogame.Shared.Hoopfe\Lega.Monogame.Shared.Hoopfe.projitems*{59108f44-9760-432f-b3f8-12916ab43042}*SharedItemsImports = 13
		Lega.Monogame.Shared.Hoopfe\Lega.Monogame.Shared.Hoopfe.projitems*{631ada24-f8f6-488b-8a0d-7c289001d01b}*SharedItemsImports = 5
		Lega.Monogame.Shared.Perio\Lega.Monogame.Shared.Perio.projitems*{80b7f3cd-693f-40d1-b73a-6771c310668c}*SharedItemsImports = 5
		Lega.Monogame.Shared.Perio\Lega.Monogame.Shared.Perio.projitems*{a0cdbd0e-3a41-42b7-9425-a838bc2c7383}*SharedItemsImports = 13
		Lega.Monogame.Shared.Perio\Lega.Monogame.Shared.Perio.projitems*{ad6c6166-dc67-4e60-9240-94bbf5a5075a}*SharedItemsImports = 5
		Lega.Monogame.Shared.Perio\Lega.Monogame.Shared.Perio.projitems*{e025139e-7fc7-4a60-b2e7-e41fdf732221}*SharedItemsImports = 5
	EndGlobalSection
EndGlobal
